
Microsoft Visual Studio Solution File, Format Version 12.00
# Visual Studio 15
VisualStudioVersion = 15.0.28306.52
MinimumVisualStudioVersion = 10.0.40219.1
Project("{FAE04EC0-301F-11D3-BF4B-00C04F79EFBC}") = "MessagingToSlack", "Example23\MessagingToSlack.csproj", "{A3335ED7-16A1-47A4-8BC2-BA198F1ED361}"
EndProject
Global
	GlobalSection(SolutionConfigurationPlatforms) = preSolution
		Debug|Any CPU = Debug|Any CPU
		Release|Any CPU = Release|Any CPU
	EndGlobalSection
	GlobalSection(ProjectConfigurationPlatforms) = postSolution
		{A3335ED7-16A1-47A4-8BC2-BA198F1ED361}.Debug|Any CPU.ActiveCfg = Debug|Any CPU
		{A3335ED7-16A1-47A4-8BC2-BA198F1ED361}.Debug|Any CPU.Build.0 = Debug|Any CPU
		{A3335ED7-16A1-47A4-8BC2-BA198F1ED361}.Release|Any CPU.ActiveCfg = Release|Any CPU
		{A3335ED7-16A1-47A4-8BC2-BA198F1ED361}.Release|Any CPU.Build.0 = Release|Any CPU
	EndGlobalSection
	GlobalSection(SolutionProperties) = preSolution
		HideSolutionNode = FALSE
	EndGlobalSection
	GlobalSection(ExtensibilityGlobals) = postSolution
		SolutionGuid = {7520D922-F140-4EE0-89F0-6FDB439DC4D7}
	EndGlobalSection
EndGlobal
